
Microsoft Visual Studio Solution File, Format Version 12.00
# Visual Studio Version 16
VisualStudioVersion = 16.0.31624.102
MinimumVisualStudioVersion = 10.0.40219.1
Project("{FAE04EC0-301F-11D3-BF4B-00C04F79EFBC}") = "opyatii", "opyatii.csproj", "{EC267ECA-820A-404B-9B0F-7ED7C315C814}"
EndProject
Global
	GlobalSection(SolutionConfigurationPlatforms) = preSolution
		Debug|Any CPU = Debug|Any CPU
		Release|Any CPU = Release|Any CPU
	EndGlobalSection
	GlobalSection(ProjectConfigurationPlatforms) = postSolution
		{EC267ECA-820A-404B-9B0F-7ED7C315C814}.Debug|Any CPU.ActiveCfg = Debug|Any CPU
		{EC267ECA-820A-404B-9B0F-7ED7C315C814}.Debug|Any CPU.Build.0 = Debug|Any CPU
		{EC267ECA-820A-404B-9B0F-7ED7C315C814}.Release|Any CPU.ActiveCfg = Release|Any CPU
		{EC267ECA-820A-404B-9B0F-7ED7C315C814}.Release|Any CPU.Build.0 = Release|Any CPU
	EndGlobalSection
	GlobalSection(SolutionProperties) = preSolution
		HideSolutionNode = FALSE
	EndGlobalSection
	GlobalSection(ExtensibilityGlobals) = postSolution
		SolutionGuid = {CD903FD8-A380-4520-B575-A2F1CBD5EC5D}
	EndGlobalSection
EndGlobal
